
Microsoft Visual Studio Solution File, Format Version 12.00
# Visual Studio Version 18
VisualStudioVersion = 18.9.12112.369 stable
MinimumVisualStudioVersion = 10.0.40219.1
Project("{9A19103F-16F7-4668-BE54-9A1E7A4F7556}") = "RMVCApp.Sample.Blazor", "RMVCApp.Sample.Blazor.csproj", "{E6E30AE7-D746-44F0-9F7B-9DE165C7C544}"
EndProject
Project("{9A19103F-16F7-4668-BE54-9A1E7A4F7556}") = "RMVCApp.Sample.Core", "..\RMVCApp.Sample.Core\RMVCApp.Sample.Core.csproj", "{36F80BA7-0BE5-4FD0-8003-56022390EFEE}"
EndProject
Global
	GlobalSection(SolutionConfigurationPlatforms) = preSolution
		Debug|Any CPU = Debug|Any CPU
		Release|Any CPU = Release|Any CPU
	EndGlobalSection
	GlobalSection(ProjectConfigurationPlatforms) = postSolution
		{E6E30AE7-D746-44F0-9F7B-9DE165C7C544}.Debug|Any CPU.ActiveCfg = Debug|Any CPU
		{E6E30AE7-D746-44F0-9F7B-9DE165C7C544}.Debug|Any CPU.Build.0 = Debug|Any CPU
		{E6E30AE7-D746-44F0-9F7B-9DE165C7C544}.Release|Any CPU.ActiveCfg = Release|Any CPU
		{E6E30AE7-D746-44F0-9F7B-9DE165C7C544}.Release|Any CPU.Build.0 = Release|Any CPU
		{36F80BA7-0BE5-4FD0-8003-56022390EFEE}.Debug|Any CPU.ActiveCfg = Debug|Any CPU
		{36F80BA7-0BE5-4FD0-8003-56022390EFEE}.Debug|Any CPU.Build.0 = Debug|Any CPU
		{36F80BA7-0BE5-4FD0-8003-56022390EFEE}.Release|Any CPU.ActiveCfg = Release|Any CPU
		{36F80BA7-0BE5-4FD0-8003-56022390EFEE}.Release|Any CPU.Build.0 = Release|Any CPU
	EndGlobalSection
	GlobalSection(SolutionProperties) = preSolution
		HideSolutionNode = FALSE
	EndGlobalSection
	GlobalSection(ExtensibilityGlobals) = postSolution
		SolutionGuid = {3754E5F3-CC43-4A19-BDAD-1278F8FBC946}
	EndGlobalSection
EndGlobal
